
Microsoft Visual Studio Solution File, Format Version 12.00
Project("{FAE04EC0-301F-11D3-BF4B-00C04F79EFBC}") = "CODE_ROYALE", "CODE_ROYALE\CODE_ROYALE.csproj", "{9AEA3305-2720-4A26-89E4-C20AFB2F3D71}"
EndProject
Project("{FAE04EC0-301F-11D3-BF4B-00C04F79EFBC}") = "SummerChallenge2023", "SummerChallenge2023\SummerChallenge2023.csproj", "{D7EB8311-78D2-4EFD-9AC2-0C39365A9AEF}"
EndProject
Project("{FAE04EC0-301F-11D3-BF4B-00C04F79EFBC}") = "Code vs Zombies", "Code vs Zombies\Code vs Zombies.csproj", "{7C31D204-C3B9-422F-818A-25463BF6835C}"
EndProject
Project("{FAE04EC0-301F-11D3-BF4B-00C04F79EFBC}") = "Mars Lander", "Mars Lander\Mars Lander.csproj", "{5F313686-D3B9-4E6D-884D-D185F93364A5}"
EndProject
Project("{FAE04EC0-301F-11D3-BF4B-00C04F79EFBC}") = "There is no Spoon - Episode 1", "There is no Spoon - Episode 1\There is no Spoon - Episode 1.csproj", "{0E594F02-419D-489A-B5D1-7301ADDA1283}"
EndProject
Project("{FAE04EC0-301F-11D3-BF4B-00C04F79EFBC}") = "Code of the Rings", "Code of the Rings\Code of the Rings.csproj", "{2156485E-BCDF-47F7-8533-E6BB9A4DB979}"
EndProject
Project("{FAE04EC0-301F-11D3-BF4B-00C04F79EFBC}") = "Dont Panic", "Dont Panic\Dont Panic.csproj", "{67398E03-37FC-4DB4-A7C7-5339154170D0}"
EndProject
Global
	GlobalSection(SolutionConfigurationPlatforms) = preSolution
		Debug|Any CPU = Debug|Any CPU
		Release|Any CPU = Release|Any CPU
	EndGlobalSection
	GlobalSection(ProjectConfigurationPlatforms) = postSolution
		{9AEA3305-2720-4A26-89E4-C20AFB2F3D71}.Debug|Any CPU.ActiveCfg = Debug|Any CPU
		{9AEA3305-2720-4A26-89E4-C20AFB2F3D71}.Debug|Any CPU.Build.0 = Debug|Any CPU
		{9AEA3305-2720-4A26-89E4-C20AFB2F3D71}.Release|Any CPU.ActiveCfg = Release|Any CPU
		{9AEA3305-2720-4A26-89E4-C20AFB2F3D71}.Release|Any CPU.Build.0 = Release|Any CPU
		{D7EB8311-78D2-4EFD-9AC2-0C39365A9AEF}.Debug|Any CPU.ActiveCfg = Debug|Any CPU
		{D7EB8311-78D2-4EFD-9AC2-0C39365A9AEF}.Debug|Any CPU.Build.0 = Debug|Any CPU
		{D7EB8311-78D2-4EFD-9AC2-0C39365A9AEF}.Release|Any CPU.ActiveCfg = Release|Any CPU
		{D7EB8311-78D2-4EFD-9AC2-0C39365A9AEF}.Release|Any CPU.Build.0 = Release|Any CPU
		{7C31D204-C3B9-422F-818A-25463BF6835C}.Debug|Any CPU.ActiveCfg = Debug|Any CPU
		{7C31D204-C3B9-422F-818A-25463BF6835C}.Debug|Any CPU.Build.0 = Debug|Any CPU
		{7C31D204-C3B9-422F-818A-25463BF6835C}.Release|Any CPU.ActiveCfg = Release|Any CPU
		{7C31D204-C3B9-422F-818A-25463BF6835C}.Release|Any CPU.Build.0 = Release|Any CPU
		{5F313686-D3B9-4E6D-884D-D185F93364A5}.Debug|Any CPU.ActiveCfg = Debug|Any CPU
		{5F313686-D3B9-4E6D-884D-D185F93364A5}.Debug|Any CPU.Build.0 = Debug|Any CPU
		{5F313686-D3B9-4E6D-884D-D185F93364A5}.Release|Any CPU.ActiveCfg = Release|Any CPU
		{5F313686-D3B9-4E6D-884D-D185F93364A5}.Release|Any CPU.Build.0 = Release|Any CPU
		{0E594F02-419D-489A-B5D1-7301ADDA1283}.Debug|Any CPU.ActiveCfg = Debug|Any CPU
		{0E594F02-419D-489A-B5D1-7301ADDA1283}.Debug|Any CPU.Build.0 = Debug|Any CPU
		{0E594F02-419D-489A-B5D1-7301ADDA1283}.Release|Any CPU.ActiveCfg = Release|Any CPU
		{0E594F02-419D-489A-B5D1-7301ADDA1283}.Release|Any CPU.Build.0 = Release|Any CPU
		{2156485E-BCDF-47F7-8533-E6BB9A4DB979}.Debug|Any CPU.ActiveCfg = Debug|Any CPU
		{2156485E-BCDF-47F7-8533-E6BB9A4DB979}.Debug|Any CPU.Build.0 = Debug|Any CPU
		{2156485E-BCDF-47F7-8533-E6BB9A4DB979}.Release|Any CPU.ActiveCfg = Release|Any CPU
		{2156485E-BCDF-47F7-8533-E6BB9A4DB979}.Release|Any CPU.Build.0 = Release|Any CPU
		{67398E03-37FC-4DB4-A7C7-5339154170D0}.Debug|Any CPU.ActiveCfg = Debug|Any CPU
		{67398E03-37FC-4DB4-A7C7-5339154170D0}.Debug|Any CPU.Build.0 = Debug|Any CPU
		{67398E03-37FC-4DB4-A7C7-5339154170D0}.Release|Any CPU.ActiveCfg = Release|Any CPU
		{67398E03-37FC-4DB4-A7C7-5339154170D0}.Release|Any CPU.Build.0 = Release|Any CPU
	EndGlobalSection
EndGlobal
